// !$*UTF8*$!
{
	archiveVersion = 1;
	classes = {
	};
	objectVersion = 48;
	objects = {

/* Begin PBXBuildFile section */
		038896B120221EB400C3DF1F /* CrimeData.cpp in Sources */ = {isa = PBXBuildFile; fileRef = 038896AE20221EB400C3DF1F /* CrimeData.cpp */; };
		03E3F18920220BE7000F9831 /* Controller.cpp in Sources */ = {isa = PBXBuildFile; fileRef = 03E3F18720220BE7000F9831 /* Controller.cpp */; };
		03E3F18B20220BF1000F9831 /* Runner.cpp in Sources */ = {isa = PBXBuildFile; fileRef = 03E3F18A20220BF1000F9831 /* Runner.cpp */; };
		03E3F18E20220C77000F9831 /* FileController.cpp in Sources */ = {isa = PBXBuildFile; fileRef = 03E3F18C20220C77000F9831 /* FileController.cpp */; };
		03E3F19220220ECE000F9831 /* Timer.cpp in Sources */ = {isa = PBXBuildFile; fileRef = 03E3F19020220ECE000F9831 /* Timer.cpp */; };
/* End PBXBuildFile section */

/* Begin PBXCopyFilesBuildPhase section */
		03E3F17A20220B97000F9831 /* CopyFiles */ = {
			isa = PBXCopyFilesBuildPhase;
			buildActionMask = 2147483647;
			dstPath = /usr/share/man/man1/;
			dstSubfolderSpec = 0;
			files = (
			);
			runOnlyForDeploymentPostprocessing = 1;
		};
/* End PBXCopyFilesBuildPhase section */

/* Begin PBXFileReference section */
		038896AE20221EB400C3DF1F /* CrimeData.cpp */ = {isa = PBXFileReference; fileEncoding = 4; lastKnownFileType = sourcecode.cpp.cpp; path = CrimeData.cpp; sourceTree = "<group>"; };
		038896AF20221EB400C3DF1F /* CrimeData.hpp */ = {isa = PBXFileReference; fileEncoding = 4; lastKnownFileType = sourcecode.cpp.h; path = CrimeData.hpp; sourceTree = "<group>"; };
		038896B020221EB400C3DF1F /* crime.csv */ = {isa = PBXFileReference; fileEncoding = 4; lastKnownFileType = text; path = crime.csv; sourceTree = "<group>"; };
		03E2E55A2024BE6A008F421A /* Array.hpp */ = {isa = PBXFileReference; lastKnownFileType = sourcecode.cpp.h; path = Array.hpp; sourceTree = "<group>"; };
		03E3F17C20220B97000F9831 /* DataStructures */ = {isa = PBXFileReference; explicitFileType = "compiled.mach-o.executable"; includeInIndex = 0; path = DataStructures; sourceTree = BUILT_PRODUCTS_DIR; };
		03E3F18720220BE7000F9831 /* Controller.cpp */ = {isa = PBXFileReference; lastKnownFileType = sourcecode.cpp.cpp; path = Controller.cpp; sourceTree = "<group>"; };
		03E3F18820220BE7000F9831 /* Controller.hpp */ = {isa = PBXFileReference; lastKnownFileType = sourcecode.cpp.h; path = Controller.hpp; sourceTree = "<group>"; };
		03E3F18A20220BF1000F9831 /* Runner.cpp */ = {isa = PBXFileReference; lastKnownFileType = sourcecode.cpp.cpp; path = Runner.cpp; sourceTree = "<group>"; };
		03E3F18C20220C77000F9831 /* FileController.cpp */ = {isa = PBXFileReference; lastKnownFileType = sourcecode.cpp.cpp; path = FileController.cpp; sourceTree = "<group>"; };
		03E3F18D20220C77000F9831 /* FileController.hpp */ = {isa = PBXFileReference; lastKnownFileType = sourcecode.cpp.h; path = FileController.hpp; sourceTree = "<group>"; };
		03E3F19020220ECE000F9831 /* Timer.cpp */ = {isa = PBXFileReference; lastKnownFileType = sourcecode.cpp.cpp; path = Timer.cpp; sourceTree = "<group>"; };
		03E3F19120220ECE000F9831 /* Timer.hpp */ = {isa = PBXFileReference; lastKnownFileType = sourcecode.cpp.h; path = Timer.hpp; sourceTree = "<group>"; };
/* End PBXFileReference section */

/* Begin PBXFrameworksBuildPhase section */
		03E3F17920220B97000F9831 /* Frameworks */ = {
			isa = PBXFrameworksBuildPhase;
			buildActionMask = 2147483647;
			files = (
			);
			runOnlyForDeploymentPostprocessing = 0;
		};
/* End PBXFrameworksBuildPhase section */

/* Begin PBXGroup section */
		038896A920221C6100C3DF1F /* Data */ = {
			isa = PBXGroup;
			children = (
				038896B020221EB400C3DF1F /* crime.csv */,
				038896AE20221EB400C3DF1F /* CrimeData.cpp */,
				038896AF20221EB400C3DF1F /* CrimeData.hpp */,
			);
			path = Data;
			sourceTree = "<group>";
		};
		03E2E5582024BE41008F421A /* Structures */ = {
			isa = PBXGroup;
			children = (
				03E2E55A2024BE6A008F421A /* Array.hpp */,
			);
			path = Structures;
			sourceTree = "<group>";
		};
		03E3F17320220B97000F9831 = {
			isa = PBXGroup;
			children = (
				03E3F17E20220B97000F9831 /* DataStructures */,
				03E3F17D20220B97000F9831 /* Products */,
			);
			sourceTree = "<group>";
		};
		03E3F17D20220B97000F9831 /* Products */ = {
			isa = PBXGroup;
			children = (
				03E3F17C20220B97000F9831 /* DataStructures */,
			);
			name = Products;
			sourceTree = "<group>";
		};
		03E3F17E20220B97000F9831 /* DataStructures */ = {
			isa = PBXGroup;
			children = (
				03E2E5582024BE41008F421A /* Structures */,
				038896A920221C6100C3DF1F /* Data */,
				03E3F18A20220BF1000F9831 /* Runner.cpp */,
				03E3F18620220BD8000F9831 /* Controller */,
			);
			name = DataStructures;
			sourceTree = "<group>";
		};
		03E3F18620220BD8000F9831 /* Controller */ = {
			isa = PBXGroup;
			children = (
				03E3F18F20220C95000F9831 /* Tools */,
				03E3F18720220BE7000F9831 /* Controller.cpp */,
				03E3F18820220BE7000F9831 /* Controller.hpp */,
				03E3F18C20220C77000F9831 /* FileController.cpp */,
				03E3F18D20220C77000F9831 /* FileController.hpp */,
			);
			path = Controller;
			sourceTree = "<group>";
		};
		03E3F18F20220C95000F9831 /* Tools */ = {
			isa = PBXGroup;
			children = (
				03E3F19020220ECE000F9831 /* Timer.cpp */,
				03E3F19120220ECE000F9831 /* Timer.hpp */,
			);
			path = Tools;
			sourceTree = "<group>";
		};
/* End PBXGroup section */

/* Begin PBXNativeTarget section */
		03E3F17B20220B97000F9831 /* DataStructures */ = {
			isa = PBXNativeTarget;
			buildConfigurationList = 03E3F18320220B97000F9831 /* Build configuration list for PBXNativeTarget "DataStructures" */;
			buildPhases = (
				03E3F17820220B97000F9831 /* Sources */,
				03E3F17920220B97000F9831 /* Frameworks */,
				03E3F17A20220B97000F9831 /* CopyFiles */,
			);
			buildRules = (
			);
			dependencies = (
			);
			name = DataStructures;
			productName = DataStructures;
			productReference = 03E3F17C20220B97000F9831 /* DataStructures */;
			productType = "com.apple.product-type.tool";
		};
/* End PBXNativeTarget section */

/* Begin PBXProject section */
		03E3F17420220B97000F9831 /* Project object */ = {
			isa = PBXProject;
			attributes = {
				LastUpgradeCheck = 0900;
				ORGANIZATIONNAME = CTEC;
				TargetAttributes = {
					03E3F17B20220B97000F9831 = {
						CreatedOnToolsVersion = 9.0;
						ProvisioningStyle = Automatic;
					};
				};
			};
			buildConfigurationList = 03E3F17720220B97000F9831 /* Build configuration list for PBXProject "DataStructures" */;
			compatibilityVersion = "Xcode 8.0";
			developmentRegion = en;
			hasScannedForEncodings = 0;
			knownRegions = (
				en,
			);
			mainGroup = 03E3F17320220B97000F9831;
			productRefGroup = 03E3F17D20220B97000F9831 /* Products */;
			projectDirPath = "";
			projectRoot = "";
			targets = (
				03E3F17B20220B97000F9831 /* DataStructures */,
			);
		};
/* End PBXProject section */

/* Begin PBXSourcesBuildPhase section */
		03E3F17820220B97000F9831 /* Sources */ = {
			isa = PBXSourcesBuildPhase;
			buildActionMask = 2147483647;
			files = (
				03E3F18920220BE7000F9831 /* Controller.cpp in Sources */,
				038896B120221EB400C3DF1F /* CrimeData.cpp in Sources */,
				03E3F18B20220BF1000F9831 /* Runner.cpp in Sources */,
				03E3F18E20220C77000F9831 /* FileController.cpp in Sources */,
				03E3F19220220ECE000F9831 /* Timer.cpp in Sources */,
			);
			runOnlyForDeploymentPostprocessing = 0;
		};
/* End PBXSourcesBuildPhase section */

/* Begin XCBuildConfiguration section */
		03E3F18120220B97000F9831 /* Debug */ = {
			isa = XCBuildConfiguration;
			buildSettings = {
				ALWAYS_SEARCH_USER_PATHS = NO;
				CLANG_ANALYZER_NONNULL = YES;
				CLANG_ANALYZER_NUMBER_OBJECT_CONVERSION = YES_AGGRESSIVE;
				CLANG_CXX_LANGUAGE_STANDARD = "gnu++14";
				CLANG_CXX_LIBRARY = "libc++";
				CLANG_ENABLE_MODULES = YES;
				CLANG_ENABLE_OBJC_ARC = YES;
				CLANG_WARN_BLOCK_CAPTURE_AUTORELEASING = YES;
				CLANG_WARN_BOOL_CONVERSION = YES;
				CLANG_WARN_COMMA = YES;
				CLANG_WARN_CONSTANT_CONVERSION = YES;
				CLANG_WARN_DIRECT_OBJC_ISA_USAGE = YES_ERROR;
				CLANG_WARN_DOCUMENTATION_COMMENTS = YES;
				CLANG_WARN_EMPTY_BODY = YES;
				CLANG_WARN_ENUM_CONVERSION = YES;
				CLANG_WARN_INFINITE_RECURSION = YES;
				CLANG_WARN_INT_CONVERSION = YES;
				CLANG_WARN_NON_LITERAL_NULL_CONVERSION = YES;
				CLANG_WARN_OBJC_LITERAL_CONVERSION = YES;
				CLANG_WARN_OBJC_ROOT_CLASS = YES_ERROR;
				CLANG_WARN_RANGE_LOOP_ANALYSIS = YES;
				CLANG_WARN_STRICT_PROTOTYPES = YES;
				CLANG_WARN_SUSPICIOUS_MOVE = YES;
				CLANG_WARN_UNGUARDED_AVAILABILITY = YES_AGGRESSIVE;
				CLANG_WARN_UNREACHABLE_CODE = YES;
				CLANG_WARN__DUPLICATE_METHOD_MATCH = YES;
				CODE_SIGN_IDENTITY = "-";
				COPY_PHASE_STRIP = NO;
				DEBUG_INFORMATION_FORMAT = dwarf;
				ENABLE_STRICT_OBJC_MSGSEND = YES;
				ENABLE_TESTABILITY = YES;
				GCC_C_LANGUAGE_STANDARD = gnu11;
				GCC_DYNAMIC_NO_PIC = NO;
				GCC_NO_COMMON_BLOCKS = YES;
				GCC_OPTIMIZATION_LEVEL = 0;
				GCC_PREPROCESSOR_DEFINITIONS = (
					"DEBUG=1",
					"$(inherited)",
				);
				GCC_WARN_64_TO_32_BIT_CONVERSION = YES;
				GCC_WARN_ABOUT_RETURN_TYPE = YES_ERROR;
				GCC_WARN_UNDECLARED_SELECTOR = YES;
				GCC_WARN_UNINITIALIZED_AUTOS = YES_AGGRESSIVE;
				GCC_WARN_UNUSED_FUNCTION = YES;
				GCC_WARN_UNUSED_VARIABLE = YES;
				MACOSX_DEPLOYMENT_TARGET = 10.12;
				MTL_ENABLE_DEBUG_INFO = YES;
				ONLY_ACTIVE_ARCH = YES;
				SDKROOT = macosx;
			};
			name = Debug;
		};
		03E3F18220220B97000F9831 /* Release */ = {
			isa = XCBuildConfiguration;
			buildSettings = {
				ALWAYS_SEARCH_USER_PATHS = NO;
				CLANG_ANALYZER_NONNULL = YES;
				CLANG_ANALYZER_NUMBER_OBJECT_CONVERSION = YES_AGGRESSIVE;
				CLANG_CXX_LANGUAGE_STANDARD = "gnu++14";
				CLANG_CXX_LIBRARY = "libc++";
				CLANG_ENABLE_MODULES = YES;
				CLANG_ENABLE_OBJC_ARC = YES;
				CLANG_WARN_BLOCK_CAPTURE_AUTORELEASING = YES;
				CLANG_WARN_BOOL_CONVERSION = YES;
				CLANG_WARN_COMMA = YES;
				CLANG_WARN_CONSTANT_CONVERSION = YES;
				CLANG_WARN_DIRECT_OBJC_ISA_USAGE = YES_ERROR;
				CLANG_WARN_DOCUMENTATION_COMMENTS = YES;
				CLANG_WARN_EMPTY_BODY = YES;
				CLANG_WARN_ENUM_CONVERSION = YES;
				CLANG_WARN_INFINITE_RECURSION = YES;
				CLANG_WARN_INT_CONVERSION = YES;
				CLANG_WARN_NON_LITERAL_NULL_CONVERSION = YES;
				CLANG_WARN_OBJC_LITERAL_CONVERSION = YES;
				CLANG_WARN_OBJC_ROOT_CLASS = YES_ERROR;
				CLANG_WARN_RANGE_LOOP_ANALYSIS = YES;
				CLANG_WARN_STRICT_PROTOTYPES = YES;
				CLANG_WARN_SUSPICIOUS_MOVE = YES;
				CLANG_WARN_UNGUARDED_AVAILABILITY = YES_AGGRESSIVE;
				CLANG_WARN_UNREACHABLE_CODE = YES;
				CLANG_WARN__DUPLICATE_METHOD_MATCH = YES;
				CODE_SIGN_IDENTITY = "-";
				COPY_PHASE_STRIP = NO;
				DEBUG_INFORMATION_FORMAT = "dwarf-with-dsym";
				ENABLE_NS_ASSERTIONS = NO;
				ENABLE_STRICT_OBJC_MSGSEND = YES;
				GCC_C_LANGUAGE_STANDARD = gnu11;
				GCC_NO_COMMON_BLOCKS = YES;
				GCC_WARN_64_TO_32_BIT_CONVERSION = YES;
				GCC_WARN_ABOUT_RETURN_TYPE = YES_ERROR;
				GCC_WARN_UNDECLARED_SELECTOR = YES;
				GCC_WARN_UNINITIALIZED_AUTOS = YES_AGGRESSIVE;
				GCC_WARN_UNUSED_FUNCTION = YES;
				GCC_WARN_UNUSED_VARIABLE = YES;
				MACOSX_DEPLOYMENT_TARGET = 10.12;
				MTL_ENABLE_DEBUG_INFO = NO;
				SDKROOT = macosx;
			};
			name = Release;
		};
		03E3F18420220B97000F9831 /* Debug */ = {
			isa = XCBuildConfiguration;
			buildSettings = {
				CODE_SIGN_STYLE = Automatic;
				PRODUCT_NAME = "$(TARGET_NAME)";
			};
			name = Debug;
		};
		03E3F18520220B97000F9831 /* Release */ = {
			isa = XCBuildConfiguration;
			buildSettings = {
				CODE_SIGN_STYLE = Automatic;
				PRODUCT_NAME = "$(TARGET_NAME)";
			};
			name = Release;
		};
/* End XCBuildConfiguration section */

/* Begin XCConfigurationList section */
		03E3F17720220B97000F9831 /* Build configuration list for PBXProject "DataStructures" */ = {
			isa = XCConfigurationList;
			buildConfigurations = (
				03E3F18120220B97000F9831 /* Debug */,
				03E3F18220220B97000F9831 /* Release */,
			);
			defaultConfigurationIsVisible = 0;
			defaultConfigurationName = Release;
		};
		03E3F18320220B97000F9831 /* Build configuration list for PBXNativeTarget "DataStructures" */ = {
			isa = XCConfigurationList;
			buildConfigurations = (
				03E3F18420220B97000F9831 /* Debug */,
				03E3F18520220B97000F9831 /* Release */,
			);
			defaultConfigurationIsVisible = 0;
			defaultConfigurationName = Release;
		};
/* End XCConfigurationList section */
	};
	rootObject = 03E3F17420220B97000F9831 /* Project object */;
}
